
Microsoft Visual Studio Solution File, Format Version 12.00
# Visual Studio Version 17
VisualStudioVersion = 17.4.33213.308
MinimumVisualStudioVersion = 10.0.40219.1
Project("{FAE04EC0-301F-11D3-BF4B-00C04F79EFBC}") = "KubectlBotApi", "KubectlBotApi\KubectlBotApi.csproj", "{00334AC8-5BDA-454F-8226-EAA18D991275}"
EndProject
Project("{9A19103F-16F7-4668-BE54-9A1E7A4F7556}") = "_build", "build\_build.csproj", "{95D5A5D3-2856-41C1-B01B-97F8AB12A999}"
EndProject
Global
	GlobalSection(SolutionConfigurationPlatforms) = preSolution
		Debug|Any CPU = Debug|Any CPU
		Release|Any CPU = Release|Any CPU
	EndGlobalSection
	GlobalSection(ProjectConfigurationPlatforms) = postSolution
		{95D5A5D3-2856-41C1-B01B-97F8AB12A999}.Debug|Any CPU.ActiveCfg = Debug|Any CPU
		{95D5A5D3-2856-41C1-B01B-97F8AB12A999}.Release|Any CPU.ActiveCfg = Release|Any CPU
		{00334AC8-5BDA-454F-8226-EAA18D991275}.Debug|Any CPU.ActiveCfg = Debug|Any CPU
		{00334AC8-5BDA-454F-8226-EAA18D991275}.Debug|Any CPU.Build.0 = Debug|Any CPU
		{00334AC8-5BDA-454F-8226-EAA18D991275}.Release|Any CPU.ActiveCfg = Release|Any CPU
		{00334AC8-5BDA-454F-8226-EAA18D991275}.Release|Any CPU.Build.0 = Release|Any CPU
	EndGlobalSection
	GlobalSection(SolutionProperties) = preSolution
		HideSolutionNode = FALSE
	EndGlobalSection
	GlobalSection(ExtensibilityGlobals) = postSolution
		SolutionGuid = {5D1B4DEC-7DB2-489B-BABD-86BDAE19B082}
	EndGlobalSection
EndGlobal
